
Microsoft Visual Studio Solution File, Format Version 12.00
# Visual Studio Version 16
VisualStudioVersion = 16.0.29926.136
MinimumVisualStudioVersion = 10.0.40219.1
Project("{888888A0-9F3D-457C-B088-3A5042F75D52}") = "12-3", "12-3.pyproj", "{F74CAFD0-BF67-4350-BEBE-5B6FA759D118}"
EndProject
Global
	GlobalSection(SolutionConfigurationPlatforms) = preSolution
		Debug|Any CPU = Debug|Any CPU
		Release|Any CPU = Release|Any CPU
	EndGlobalSection
	GlobalSection(ProjectConfigurationPlatforms) = postSolution
		{F74CAFD0-BF67-4350-BEBE-5B6FA759D118}.Debug|Any CPU.ActiveCfg = Debug|Any CPU
		{F74CAFD0-BF67-4350-BEBE-5B6FA759D118}.Release|Any CPU.ActiveCfg = Release|Any CPU
	EndGlobalSection
	GlobalSection(SolutionProperties) = preSolution
		HideSolutionNode = FALSE
	EndGlobalSection
	GlobalSection(ExtensibilityGlobals) = postSolution
		SolutionGuid = {D553FBC2-519A-424A-91BD-4284D5221EA0}
	EndGlobalSection
EndGlobal
