
Microsoft Visual Studio Solution File, Format Version 12.00
# Visual Studio Version 16
VisualStudioVersion = 16.0.29926.136
MinimumVisualStudioVersion = 10.0.40219.1
Project("{888888A0-9F3D-457C-B088-3A5042F75D52}") = "9-6", "9-6.pyproj", "{6659BCCC-37CE-4A7B-B29F-3A528F98D419}"
EndProject
Global
	GlobalSection(SolutionConfigurationPlatforms) = preSolution
		Debug|Any CPU = Debug|Any CPU
		Release|Any CPU = Release|Any CPU
	EndGlobalSection
	GlobalSection(ProjectConfigurationPlatforms) = postSolution
		{6659BCCC-37CE-4A7B-B29F-3A528F98D419}.Debug|Any CPU.ActiveCfg = Debug|Any CPU
		{6659BCCC-37CE-4A7B-B29F-3A528F98D419}.Release|Any CPU.ActiveCfg = Release|Any CPU
	EndGlobalSection
	GlobalSection(SolutionProperties) = preSolution
		HideSolutionNode = FALSE
	EndGlobalSection
	GlobalSection(ExtensibilityGlobals) = postSolution
		SolutionGuid = {C110C33A-D3D8-4158-98C7-C4568B7050C1}
	EndGlobalSection
EndGlobal
