
Microsoft Visual Studio Solution File, Format Version 12.00
# Visual Studio Version 16
VisualStudioVersion = 16.0.29926.136
MinimumVisualStudioVersion = 10.0.40219.1
Project("{888888A0-9F3D-457C-B088-3A5042F75D52}") = "9-5", "9-5.pyproj", "{15875AA5-333A-4E8D-B314-800076D494A2}"
EndProject
Global
	GlobalSection(SolutionConfigurationPlatforms) = preSolution
		Debug|Any CPU = Debug|Any CPU
		Release|Any CPU = Release|Any CPU
	EndGlobalSection
	GlobalSection(ProjectConfigurationPlatforms) = postSolution
		{15875AA5-333A-4E8D-B314-800076D494A2}.Debug|Any CPU.ActiveCfg = Debug|Any CPU
		{15875AA5-333A-4E8D-B314-800076D494A2}.Release|Any CPU.ActiveCfg = Release|Any CPU
	EndGlobalSection
	GlobalSection(SolutionProperties) = preSolution
		HideSolutionNode = FALSE
	EndGlobalSection
	GlobalSection(ExtensibilityGlobals) = postSolution
		SolutionGuid = {0B467F81-F44E-4C07-AA20-A6B5A0E90FA9}
	EndGlobalSection
EndGlobal
