
Microsoft Visual Studio Solution File, Format Version 12.00
# Visual Studio Version 16
VisualStudioVersion = 16.0.29926.136
MinimumVisualStudioVersion = 10.0.40219.1
Project("{888888A0-9F3D-457C-B088-3A5042F75D52}") = "9-4", "9-4.pyproj", "{8C4CFF25-259C-4270-B218-25F4342B3E76}"
EndProject
Global
	GlobalSection(SolutionConfigurationPlatforms) = preSolution
		Debug|Any CPU = Debug|Any CPU
		Release|Any CPU = Release|Any CPU
	EndGlobalSection
	GlobalSection(ProjectConfigurationPlatforms) = postSolution
		{8C4CFF25-259C-4270-B218-25F4342B3E76}.Debug|Any CPU.ActiveCfg = Debug|Any CPU
		{8C4CFF25-259C-4270-B218-25F4342B3E76}.Release|Any CPU.ActiveCfg = Release|Any CPU
	EndGlobalSection
	GlobalSection(SolutionProperties) = preSolution
		HideSolutionNode = FALSE
	EndGlobalSection
	GlobalSection(ExtensibilityGlobals) = postSolution
		SolutionGuid = {028C0935-0B1D-437A-8611-995DAB999CE2}
	EndGlobalSection
EndGlobal
