
Microsoft Visual Studio Solution File, Format Version 12.00
# Visual Studio Version 16
VisualStudioVersion = 16.0.29926.136
MinimumVisualStudioVersion = 10.0.40219.1
Project("{888888A0-9F3D-457C-B088-3A5042F75D52}") = "第六題-Python 物件組合", "第六題-Python 物件組合.pyproj", "{8956BCAD-64A7-4BE8-B639-8DC3C88543B6}"
EndProject
Global
	GlobalSection(SolutionConfigurationPlatforms) = preSolution
		Debug|Any CPU = Debug|Any CPU
		Release|Any CPU = Release|Any CPU
	EndGlobalSection
	GlobalSection(ProjectConfigurationPlatforms) = postSolution
		{8956BCAD-64A7-4BE8-B639-8DC3C88543B6}.Debug|Any CPU.ActiveCfg = Debug|Any CPU
		{8956BCAD-64A7-4BE8-B639-8DC3C88543B6}.Release|Any CPU.ActiveCfg = Release|Any CPU
	EndGlobalSection
	GlobalSection(SolutionProperties) = preSolution
		HideSolutionNode = FALSE
	EndGlobalSection
	GlobalSection(ExtensibilityGlobals) = postSolution
		SolutionGuid = {C3545D80-275B-4F03-B6DC-53B4B095DF22}
	EndGlobalSection
EndGlobal
